{
  "grammars": [
    {
      "name": "bash",
      "version": "0.25.1",
      "wasm": "sha256:8292919c88a0f7d3fb31d0cd0253ca5a9531bc1ede82b0537f2c63dd8abe6a7a"
    },
    {
      "name": "json",
      "version": "0.24.8",
      "wasm": "sha256:d2119fb98d5912719b13f9458574f8608d2d29dfbe45f6be1f860ea1fe2a2405"
    },
    {
      "name": "rust",
      "version": "0.24.2",
      "wasm": "sha256:24c89bd9252255e4aebbcbd7d2d308bd92c86dd95a130fdc80efa49577b8d738"
    }
  ],
  "version": 1
}
